
Microsoft Visual Studio Solution File, Format Version 12.00
# Visual Studio Version 16
VisualStudioVersion = 16.0.30309.148
MinimumVisualStudioVersion = 10.0.40219.1
Project("{FAE04EC0-301F-11D3-BF4B-00C04F79EFBC}") = "Operations", "Operations\Operations.csproj", "{EC2D3475-15F9-40EF-A837-EBBCB9BB0CAC}"
EndProject
Project("{FAE04EC0-301F-11D3-BF4B-00C04F79EFBC}") = "Animals", "Animals\Animals.csproj", "{6EF62903-AB13-4B70-B69D-FA1BF5E3C63B}"
EndProject
Project("{FAE04EC0-301F-11D3-BF4B-00C04F79EFBC}") = "Shapes", "Shapes\Shapes.csproj", "{1FC96D19-509E-41E9-B73D-CBCB56311369}"
EndProject
Global
	GlobalSection(SolutionConfigurationPlatforms) = preSolution
		Debug|Any CPU = Debug|Any CPU
		Release|Any CPU = Release|Any CPU
	EndGlobalSection
	GlobalSection(ProjectConfigurationPlatforms) = postSolution
		{EC2D3475-15F9-40EF-A837-EBBCB9BB0CAC}.Debug|Any CPU.ActiveCfg = Debug|Any CPU
		{EC2D3475-15F9-40EF-A837-EBBCB9BB0CAC}.Debug|Any CPU.Build.0 = Debug|Any CPU
		{EC2D3475-15F9-40EF-A837-EBBCB9BB0CAC}.Release|Any CPU.ActiveCfg = Release|Any CPU
		{EC2D3475-15F9-40EF-A837-EBBCB9BB0CAC}.Release|Any CPU.Build.0 = Release|Any CPU
		{6EF62903-AB13-4B70-B69D-FA1BF5E3C63B}.Debug|Any CPU.ActiveCfg = Debug|Any CPU
		{6EF62903-AB13-4B70-B69D-FA1BF5E3C63B}.Debug|Any CPU.Build.0 = Debug|Any CPU
		{6EF62903-AB13-4B70-B69D-FA1BF5E3C63B}.Release|Any CPU.ActiveCfg = Release|Any CPU
		{6EF62903-AB13-4B70-B69D-FA1BF5E3C63B}.Release|Any CPU.Build.0 = Release|Any CPU
		{1FC96D19-509E-41E9-B73D-CBCB56311369}.Debug|Any CPU.ActiveCfg = Debug|Any CPU
		{1FC96D19-509E-41E9-B73D-CBCB56311369}.Debug|Any CPU.Build.0 = Debug|Any CPU
		{1FC96D19-509E-41E9-B73D-CBCB56311369}.Release|Any CPU.ActiveCfg = Release|Any CPU
		{1FC96D19-509E-41E9-B73D-CBCB56311369}.Release|Any CPU.Build.0 = Release|Any CPU
	EndGlobalSection
	GlobalSection(SolutionProperties) = preSolution
		HideSolutionNode = FALSE
	EndGlobalSection
	GlobalSection(ExtensibilityGlobals) = postSolution
		SolutionGuid = {849717F3-B77F-4FE6-9ECE-A31D0B3A5022}
	EndGlobalSection
EndGlobal
