
Microsoft Visual Studio Solution File, Format Version 12.00
# Visual Studio Version 16
VisualStudioVersion = 16.0.30309.148
MinimumVisualStudioVersion = 10.0.40219.1
Project("{9A19103F-16F7-4668-BE54-9A1E7A4F7556}") = "01.NumbersEndingin7", "01.NumbersEndingin7\01.NumbersEndingin7.csproj", "{985AD6E6-13B9-4288-B445-2F3A2967E19D}"
EndProject
Project("{9A19103F-16F7-4668-BE54-9A1E7A4F7556}") = "02. Half Sum Element", "02. Half Sum Element\02. Half Sum Element.csproj", "{9B79448D-2DC2-49FF-9741-F75E1DCF688D}"
EndProject
Project("{9A19103F-16F7-4668-BE54-9A1E7A4F7556}") = "06. Salary", "06. Salary\06. Salary.csproj", "{FD7A9619-08BF-4A4F-8627-3A90D7F4C58D}"
EndProject
Project("{9A19103F-16F7-4668-BE54-9A1E7A4F7556}") = "01. Back To The Past", "01. Back To The Past\01. Back To The Past.csproj", "{BB9E39AE-B771-4C97-953B-A6E4B42CDEB8}"
EndProject
Project("{FAE04EC0-301F-11D3-BF4B-00C04F79EFBC}") = "05. Divide Without Remainder", "05. Divide Without Remainder\05. Divide Without Remainder.csproj", "{67C04694-1595-4272-8018-DE8A4690CB16}"
EndProject
Global
	GlobalSection(SolutionConfigurationPlatforms) = preSolution
		Debug|Any CPU = Debug|Any CPU
		Release|Any CPU = Release|Any CPU
	EndGlobalSection
	GlobalSection(ProjectConfigurationPlatforms) = postSolution
		{985AD6E6-13B9-4288-B445-2F3A2967E19D}.Debug|Any CPU.ActiveCfg = Debug|Any CPU
		{985AD6E6-13B9-4288-B445-2F3A2967E19D}.Debug|Any CPU.Build.0 = Debug|Any CPU
		{985AD6E6-13B9-4288-B445-2F3A2967E19D}.Release|Any CPU.ActiveCfg = Release|Any CPU
		{985AD6E6-13B9-4288-B445-2F3A2967E19D}.Release|Any CPU.Build.0 = Release|Any CPU
		{9B79448D-2DC2-49FF-9741-F75E1DCF688D}.Debug|Any CPU.ActiveCfg = Debug|Any CPU
		{9B79448D-2DC2-49FF-9741-F75E1DCF688D}.Debug|Any CPU.Build.0 = Debug|Any CPU
		{9B79448D-2DC2-49FF-9741-F75E1DCF688D}.Release|Any CPU.ActiveCfg = Release|Any CPU
		{9B79448D-2DC2-49FF-9741-F75E1DCF688D}.Release|Any CPU.Build.0 = Release|Any CPU
		{FD7A9619-08BF-4A4F-8627-3A90D7F4C58D}.Debug|Any CPU.ActiveCfg = Debug|Any CPU
		{FD7A9619-08BF-4A4F-8627-3A90D7F4C58D}.Debug|Any CPU.Build.0 = Debug|Any CPU
		{FD7A9619-08BF-4A4F-8627-3A90D7F4C58D}.Release|Any CPU.ActiveCfg = Release|Any CPU
		{FD7A9619-08BF-4A4F-8627-3A90D7F4C58D}.Release|Any CPU.Build.0 = Release|Any CPU
		{BB9E39AE-B771-4C97-953B-A6E4B42CDEB8}.Debug|Any CPU.ActiveCfg = Debug|Any CPU
		{BB9E39AE-B771-4C97-953B-A6E4B42CDEB8}.Debug|Any CPU.Build.0 = Debug|Any CPU
		{BB9E39AE-B771-4C97-953B-A6E4B42CDEB8}.Release|Any CPU.ActiveCfg = Release|Any CPU
		{BB9E39AE-B771-4C97-953B-A6E4B42CDEB8}.Release|Any CPU.Build.0 = Release|Any CPU
		{67C04694-1595-4272-8018-DE8A4690CB16}.Debug|Any CPU.ActiveCfg = Debug|Any CPU
		{67C04694-1595-4272-8018-DE8A4690CB16}.Debug|Any CPU.Build.0 = Debug|Any CPU
		{67C04694-1595-4272-8018-DE8A4690CB16}.Release|Any CPU.ActiveCfg = Release|Any CPU
		{67C04694-1595-4272-8018-DE8A4690CB16}.Release|Any CPU.Build.0 = Release|Any CPU
	EndGlobalSection
	GlobalSection(SolutionProperties) = preSolution
		HideSolutionNode = FALSE
	EndGlobalSection
	GlobalSection(ExtensibilityGlobals) = postSolution
		SolutionGuid = {E7E54975-C3B8-4EC8-BA9C-DF67A4B4EC85}
	EndGlobalSection
EndGlobal
