
Microsoft Visual Studio Solution File, Format Version 12.00
# Visual Studio Version 16
VisualStudioVersion = 16.0.30309.148
MinimumVisualStudioVersion = 10.0.40219.1
Project("{FAE04EC0-301F-11D3-BF4B-00C04F79EFBC}") = "2. Warships", "2. Warships\2. Warships.csproj", "{9FB6875A-52CE-4790-89A7-F51E99C31435}"
EndProject
Project("{FAE04EC0-301F-11D3-BF4B-00C04F79EFBC}") = "TheFightForGordon", "TheFightForGordon\TheFightForGordon.csproj", "{678153A7-BDE9-4383-9B83-41588E49D1D9}"
EndProject
Project("{FAE04EC0-301F-11D3-BF4B-00C04F79EFBC}") = "Warships", "Warships\Warships.csproj", "{3AB31509-5A47-449E-AF9D-9DDD3D46C4F7}"
EndProject
Global
	GlobalSection(SolutionConfigurationPlatforms) = preSolution
		Debug|Any CPU = Debug|Any CPU
		Release|Any CPU = Release|Any CPU
	EndGlobalSection
	GlobalSection(ProjectConfigurationPlatforms) = postSolution
		{9FB6875A-52CE-4790-89A7-F51E99C31435}.Debug|Any CPU.ActiveCfg = Debug|Any CPU
		{9FB6875A-52CE-4790-89A7-F51E99C31435}.Debug|Any CPU.Build.0 = Debug|Any CPU
		{9FB6875A-52CE-4790-89A7-F51E99C31435}.Release|Any CPU.ActiveCfg = Release|Any CPU
		{9FB6875A-52CE-4790-89A7-F51E99C31435}.Release|Any CPU.Build.0 = Release|Any CPU
		{678153A7-BDE9-4383-9B83-41588E49D1D9}.Debug|Any CPU.ActiveCfg = Debug|Any CPU
		{678153A7-BDE9-4383-9B83-41588E49D1D9}.Debug|Any CPU.Build.0 = Debug|Any CPU
		{678153A7-BDE9-4383-9B83-41588E49D1D9}.Release|Any CPU.ActiveCfg = Release|Any CPU
		{678153A7-BDE9-4383-9B83-41588E49D1D9}.Release|Any CPU.Build.0 = Release|Any CPU
		{3AB31509-5A47-449E-AF9D-9DDD3D46C4F7}.Debug|Any CPU.ActiveCfg = Debug|Any CPU
		{3AB31509-5A47-449E-AF9D-9DDD3D46C4F7}.Debug|Any CPU.Build.0 = Debug|Any CPU
		{3AB31509-5A47-449E-AF9D-9DDD3D46C4F7}.Release|Any CPU.ActiveCfg = Release|Any CPU
		{3AB31509-5A47-449E-AF9D-9DDD3D46C4F7}.Release|Any CPU.Build.0 = Release|Any CPU
	EndGlobalSection
	GlobalSection(SolutionProperties) = preSolution
		HideSolutionNode = FALSE
	EndGlobalSection
	GlobalSection(ExtensibilityGlobals) = postSolution
		SolutionGuid = {27BBAE2D-AB7C-45FA-954F-6466B85C042C}
	EndGlobalSection
EndGlobal
