
Microsoft Visual Studio Solution File, Format Version 12.00
# Visual Studio Version 16
VisualStudioVersion = 16.0.30309.148
MinimumVisualStudioVersion = 10.0.40219.1
Project("{FAE04EC0-301F-11D3-BF4B-00C04F79EFBC}") = "1. Sum Matrix Elements", "1. Sum Matrix Elements\1. Sum Matrix Elements.csproj", "{F783C939-914B-4CD5-A5D5-75DE59E8A911}"
EndProject
Project("{FAE04EC0-301F-11D3-BF4B-00C04F79EFBC}") = "2. Sum Matrix Columns", "2. Sum Matrix Columns\2. Sum Matrix Columns.csproj", "{342953D8-60FC-4456-9866-C09C46BE4310}"
EndProject
Project("{FAE04EC0-301F-11D3-BF4B-00C04F79EFBC}") = "3. Primary Diagonal", "3. Primary Diagonal\3. Primary Diagonal.csproj", "{675C3D36-8D86-4DA1-9170-7E8643F48ED1}"
EndProject
Project("{FAE04EC0-301F-11D3-BF4B-00C04F79EFBC}") = "4. Symbol in Matrix", "4. Symbol in Matrix\4. Symbol in Matrix.csproj", "{0856F76E-BB2A-4B8F-B502-5FDE0BFF7604}"
EndProject
Global
	GlobalSection(SolutionConfigurationPlatforms) = preSolution
		Debug|Any CPU = Debug|Any CPU
		Release|Any CPU = Release|Any CPU
	EndGlobalSection
	GlobalSection(ProjectConfigurationPlatforms) = postSolution
		{F783C939-914B-4CD5-A5D5-75DE59E8A911}.Debug|Any CPU.ActiveCfg = Debug|Any CPU
		{F783C939-914B-4CD5-A5D5-75DE59E8A911}.Debug|Any CPU.Build.0 = Debug|Any CPU
		{F783C939-914B-4CD5-A5D5-75DE59E8A911}.Release|Any CPU.ActiveCfg = Release|Any CPU
		{F783C939-914B-4CD5-A5D5-75DE59E8A911}.Release|Any CPU.Build.0 = Release|Any CPU
		{342953D8-60FC-4456-9866-C09C46BE4310}.Debug|Any CPU.ActiveCfg = Debug|Any CPU
		{342953D8-60FC-4456-9866-C09C46BE4310}.Debug|Any CPU.Build.0 = Debug|Any CPU
		{342953D8-60FC-4456-9866-C09C46BE4310}.Release|Any CPU.ActiveCfg = Release|Any CPU
		{342953D8-60FC-4456-9866-C09C46BE4310}.Release|Any CPU.Build.0 = Release|Any CPU
		{675C3D36-8D86-4DA1-9170-7E8643F48ED1}.Debug|Any CPU.ActiveCfg = Debug|Any CPU
		{675C3D36-8D86-4DA1-9170-7E8643F48ED1}.Debug|Any CPU.Build.0 = Debug|Any CPU
		{675C3D36-8D86-4DA1-9170-7E8643F48ED1}.Release|Any CPU.ActiveCfg = Release|Any CPU
		{675C3D36-8D86-4DA1-9170-7E8643F48ED1}.Release|Any CPU.Build.0 = Release|Any CPU
		{0856F76E-BB2A-4B8F-B502-5FDE0BFF7604}.Debug|Any CPU.ActiveCfg = Debug|Any CPU
		{0856F76E-BB2A-4B8F-B502-5FDE0BFF7604}.Debug|Any CPU.Build.0 = Debug|Any CPU
		{0856F76E-BB2A-4B8F-B502-5FDE0BFF7604}.Release|Any CPU.ActiveCfg = Release|Any CPU
		{0856F76E-BB2A-4B8F-B502-5FDE0BFF7604}.Release|Any CPU.Build.0 = Release|Any CPU
	EndGlobalSection
	GlobalSection(SolutionProperties) = preSolution
		HideSolutionNode = FALSE
	EndGlobalSection
	GlobalSection(ExtensibilityGlobals) = postSolution
		SolutionGuid = {532E19EF-1FB8-4C24-A3AF-378DF0F2418D}
	EndGlobalSection
EndGlobal
