
Microsoft Visual Studio Solution File, Format Version 12.00
# Visual Studio Version 16
VisualStudioVersion = 16.0.30309.148
MinimumVisualStudioVersion = 10.0.40219.1
Project("{9A19103F-16F7-4668-BE54-9A1E7A4F7556}") = "01. Flower Wreaths", "01. Flower Wreaths\01. Flower Wreaths.csproj", "{C50B3C6B-1AE1-4912-87A9-38B2C944B7D2}"
EndProject
Project("{FAE04EC0-301F-11D3-BF4B-00C04F79EFBC}") = "02.Bee", "02.Bee\02.Bee.csproj", "{161B24F1-FAFD-43FE-A312-78DFFB4A9661}"
EndProject
Global
	GlobalSection(SolutionConfigurationPlatforms) = preSolution
		Debug|Any CPU = Debug|Any CPU
		Release|Any CPU = Release|Any CPU
	EndGlobalSection
	GlobalSection(ProjectConfigurationPlatforms) = postSolution
		{C50B3C6B-1AE1-4912-87A9-38B2C944B7D2}.Debug|Any CPU.ActiveCfg = Debug|Any CPU
		{C50B3C6B-1AE1-4912-87A9-38B2C944B7D2}.Debug|Any CPU.Build.0 = Debug|Any CPU
		{C50B3C6B-1AE1-4912-87A9-38B2C944B7D2}.Release|Any CPU.ActiveCfg = Release|Any CPU
		{C50B3C6B-1AE1-4912-87A9-38B2C944B7D2}.Release|Any CPU.Build.0 = Release|Any CPU
		{161B24F1-FAFD-43FE-A312-78DFFB4A9661}.Debug|Any CPU.ActiveCfg = Debug|Any CPU
		{161B24F1-FAFD-43FE-A312-78DFFB4A9661}.Debug|Any CPU.Build.0 = Debug|Any CPU
		{161B24F1-FAFD-43FE-A312-78DFFB4A9661}.Release|Any CPU.ActiveCfg = Release|Any CPU
		{161B24F1-FAFD-43FE-A312-78DFFB4A9661}.Release|Any CPU.Build.0 = Release|Any CPU
	EndGlobalSection
	GlobalSection(SolutionProperties) = preSolution
		HideSolutionNode = FALSE
	EndGlobalSection
	GlobalSection(ExtensibilityGlobals) = postSolution
		SolutionGuid = {F28C3C35-AE2B-4CD0-9F15-935B2583B67C}
	EndGlobalSection
EndGlobal
