
Microsoft Visual Studio Solution File, Format Version 12.00
# Visual Studio Version 16
VisualStudioVersion = 16.0.30309.148
MinimumVisualStudioVersion = 10.0.40219.1
Project("{FAE04EC0-301F-11D3-BF4B-00C04F79EFBC}") = "01. Read Text", "01. Read Text\01. Read Text.csproj", "{A6AC7C48-8F48-473F-AA03-510EDA81F96C}"
EndProject
Project("{FAE04EC0-301F-11D3-BF4B-00C04F79EFBC}") = "03. Sum Numbers", "03. Sum Numbers\03. Sum Numbers.csproj", "{C1F1E501-5938-4E4D-B9E2-617E9B961D4F}"
EndProject
Global
	GlobalSection(SolutionConfigurationPlatforms) = preSolution
		Debug|Any CPU = Debug|Any CPU
		Release|Any CPU = Release|Any CPU
	EndGlobalSection
	GlobalSection(ProjectConfigurationPlatforms) = postSolution
		{A6AC7C48-8F48-473F-AA03-510EDA81F96C}.Debug|Any CPU.ActiveCfg = Debug|Any CPU
		{A6AC7C48-8F48-473F-AA03-510EDA81F96C}.Debug|Any CPU.Build.0 = Debug|Any CPU
		{A6AC7C48-8F48-473F-AA03-510EDA81F96C}.Release|Any CPU.ActiveCfg = Release|Any CPU
		{A6AC7C48-8F48-473F-AA03-510EDA81F96C}.Release|Any CPU.Build.0 = Release|Any CPU
		{C1F1E501-5938-4E4D-B9E2-617E9B961D4F}.Debug|Any CPU.ActiveCfg = Debug|Any CPU
		{C1F1E501-5938-4E4D-B9E2-617E9B961D4F}.Debug|Any CPU.Build.0 = Debug|Any CPU
		{C1F1E501-5938-4E4D-B9E2-617E9B961D4F}.Release|Any CPU.ActiveCfg = Release|Any CPU
		{C1F1E501-5938-4E4D-B9E2-617E9B961D4F}.Release|Any CPU.Build.0 = Release|Any CPU
	EndGlobalSection
	GlobalSection(SolutionProperties) = preSolution
		HideSolutionNode = FALSE
	EndGlobalSection
	GlobalSection(ExtensibilityGlobals) = postSolution
		SolutionGuid = {35934ED2-C77C-481E-B71F-8430BCA63312}
	EndGlobalSection
EndGlobal
