
Microsoft Visual Studio Solution File, Format Version 12.00
# Visual Studio Version 16
VisualStudioVersion = 16.0.30309.148
MinimumVisualStudioVersion = 10.0.40219.1
Project("{9A19103F-16F7-4668-BE54-9A1E7A4F7556}") = "01. National Court", "01. National Court\01. National Court.csproj", "{CD124E1E-86C9-437A-B86B-94A998A82220}"
EndProject
Project("{9A19103F-16F7-4668-BE54-9A1E7A4F7556}") = "02.ShoppingList", "02.ShoppingList\02.ShoppingList.csproj", "{C26551B5-74D8-484F-AD1D-8A28B8E76C18}"
EndProject
Project("{FAE04EC0-301F-11D3-BF4B-00C04F79EFBC}") = "03. Heart Delivery", "03. Heart Delivery\03. Heart Delivery.csproj", "{D5D69CEA-FAC5-4A07-959E-29A4BF9EDCB4}"
EndProject
Global
	GlobalSection(SolutionConfigurationPlatforms) = preSolution
		Debug|Any CPU = Debug|Any CPU
		Release|Any CPU = Release|Any CPU
	EndGlobalSection
	GlobalSection(ProjectConfigurationPlatforms) = postSolution
		{CD124E1E-86C9-437A-B86B-94A998A82220}.Debug|Any CPU.ActiveCfg = Debug|Any CPU
		{CD124E1E-86C9-437A-B86B-94A998A82220}.Debug|Any CPU.Build.0 = Debug|Any CPU
		{CD124E1E-86C9-437A-B86B-94A998A82220}.Release|Any CPU.ActiveCfg = Release|Any CPU
		{CD124E1E-86C9-437A-B86B-94A998A82220}.Release|Any CPU.Build.0 = Release|Any CPU
		{C26551B5-74D8-484F-AD1D-8A28B8E76C18}.Debug|Any CPU.ActiveCfg = Debug|Any CPU
		{C26551B5-74D8-484F-AD1D-8A28B8E76C18}.Debug|Any CPU.Build.0 = Debug|Any CPU
		{C26551B5-74D8-484F-AD1D-8A28B8E76C18}.Release|Any CPU.ActiveCfg = Release|Any CPU
		{C26551B5-74D8-484F-AD1D-8A28B8E76C18}.Release|Any CPU.Build.0 = Release|Any CPU
		{D5D69CEA-FAC5-4A07-959E-29A4BF9EDCB4}.Debug|Any CPU.ActiveCfg = Debug|Any CPU
		{D5D69CEA-FAC5-4A07-959E-29A4BF9EDCB4}.Debug|Any CPU.Build.0 = Debug|Any CPU
		{D5D69CEA-FAC5-4A07-959E-29A4BF9EDCB4}.Release|Any CPU.ActiveCfg = Release|Any CPU
		{D5D69CEA-FAC5-4A07-959E-29A4BF9EDCB4}.Release|Any CPU.Build.0 = Release|Any CPU
	EndGlobalSection
	GlobalSection(SolutionProperties) = preSolution
		HideSolutionNode = FALSE
	EndGlobalSection
	GlobalSection(ExtensibilityGlobals) = postSolution
		SolutionGuid = {E5B3DFD0-75DA-469C-BF00-029BC05B6CD4}
	EndGlobalSection
EndGlobal
