
Microsoft Visual Studio Solution File, Format Version 12.00
# Visual Studio Version 16
VisualStudioVersion = 16.0.30309.148
MinimumVisualStudioVersion = 10.0.40219.1
Project("{FAE04EC0-301F-11D3-BF4B-00C04F79EFBC}") = "Farm", "Farm\Farm.csproj", "{1CA04D61-27AF-4A0C-A91C-51700AF0A355}"
EndProject
Global
	GlobalSection(SolutionConfigurationPlatforms) = preSolution
		Debug|Any CPU = Debug|Any CPU
		Release|Any CPU = Release|Any CPU
	EndGlobalSection
	GlobalSection(ProjectConfigurationPlatforms) = postSolution
		{1CA04D61-27AF-4A0C-A91C-51700AF0A355}.Debug|Any CPU.ActiveCfg = Debug|Any CPU
		{1CA04D61-27AF-4A0C-A91C-51700AF0A355}.Debug|Any CPU.Build.0 = Debug|Any CPU
		{1CA04D61-27AF-4A0C-A91C-51700AF0A355}.Release|Any CPU.ActiveCfg = Release|Any CPU
		{1CA04D61-27AF-4A0C-A91C-51700AF0A355}.Release|Any CPU.Build.0 = Release|Any CPU
	EndGlobalSection
	GlobalSection(SolutionProperties) = preSolution
		HideSolutionNode = FALSE
	EndGlobalSection
	GlobalSection(ExtensibilityGlobals) = postSolution
		SolutionGuid = {A1E5D7DE-885A-4421-ABC2-802C22D71FF1}
	EndGlobalSection
EndGlobal
