
Microsoft Visual Studio Solution File, Format Version 12.00
# Visual Studio Version 16
VisualStudioVersion = 16.0.30309.148
MinimumVisualStudioVersion = 10.0.40219.1
Project("{FAE04EC0-301F-11D3-BF4B-00C04F79EFBC}") = "01. Reverse Strings", "01. Reverse Strings\01. Reverse Strings.csproj", "{61AE27EB-B636-4F6C-8C3B-2D2C15D0946E}"
EndProject
Project("{FAE04EC0-301F-11D3-BF4B-00C04F79EFBC}") = "5. Digits, Letters and Other", "5. Digits, Letters and Other\5. Digits, Letters and Other.csproj", "{378E23AF-7DF5-41F7-BBDE-0868EDADBF08}"
EndProject
Project("{FAE04EC0-301F-11D3-BF4B-00C04F79EFBC}") = "4.TextFilter", "4.TextFilter\4.TextFilter.csproj", "{9ECCBAFE-B4E3-4DF0-A256-AEFA5046F751}"
EndProject
Project("{FAE04EC0-301F-11D3-BF4B-00C04F79EFBC}") = "03. Substring", "03. Substring\03. Substring.csproj", "{7C6B7209-4C58-4B8E-AE8D-509382CF9092}"
EndProject
Project("{FAE04EC0-301F-11D3-BF4B-00C04F79EFBC}") = "2. Repeat Strings", "2. Repeat Strings\2. Repeat Strings.csproj", "{F845D892-0737-4D3F-899D-7088B5FE1765}"
EndProject
Global
	GlobalSection(SolutionConfigurationPlatforms) = preSolution
		Debug|Any CPU = Debug|Any CPU
		Release|Any CPU = Release|Any CPU
	EndGlobalSection
	GlobalSection(ProjectConfigurationPlatforms) = postSolution
		{61AE27EB-B636-4F6C-8C3B-2D2C15D0946E}.Debug|Any CPU.ActiveCfg = Debug|Any CPU
		{61AE27EB-B636-4F6C-8C3B-2D2C15D0946E}.Debug|Any CPU.Build.0 = Debug|Any CPU
		{61AE27EB-B636-4F6C-8C3B-2D2C15D0946E}.Release|Any CPU.ActiveCfg = Release|Any CPU
		{61AE27EB-B636-4F6C-8C3B-2D2C15D0946E}.Release|Any CPU.Build.0 = Release|Any CPU
		{378E23AF-7DF5-41F7-BBDE-0868EDADBF08}.Debug|Any CPU.ActiveCfg = Debug|Any CPU
		{378E23AF-7DF5-41F7-BBDE-0868EDADBF08}.Debug|Any CPU.Build.0 = Debug|Any CPU
		{378E23AF-7DF5-41F7-BBDE-0868EDADBF08}.Release|Any CPU.ActiveCfg = Release|Any CPU
		{378E23AF-7DF5-41F7-BBDE-0868EDADBF08}.Release|Any CPU.Build.0 = Release|Any CPU
		{9ECCBAFE-B4E3-4DF0-A256-AEFA5046F751}.Debug|Any CPU.ActiveCfg = Debug|Any CPU
		{9ECCBAFE-B4E3-4DF0-A256-AEFA5046F751}.Debug|Any CPU.Build.0 = Debug|Any CPU
		{9ECCBAFE-B4E3-4DF0-A256-AEFA5046F751}.Release|Any CPU.ActiveCfg = Release|Any CPU
		{9ECCBAFE-B4E3-4DF0-A256-AEFA5046F751}.Release|Any CPU.Build.0 = Release|Any CPU
		{7C6B7209-4C58-4B8E-AE8D-509382CF9092}.Debug|Any CPU.ActiveCfg = Debug|Any CPU
		{7C6B7209-4C58-4B8E-AE8D-509382CF9092}.Debug|Any CPU.Build.0 = Debug|Any CPU
		{7C6B7209-4C58-4B8E-AE8D-509382CF9092}.Release|Any CPU.ActiveCfg = Release|Any CPU
		{7C6B7209-4C58-4B8E-AE8D-509382CF9092}.Release|Any CPU.Build.0 = Release|Any CPU
		{F845D892-0737-4D3F-899D-7088B5FE1765}.Debug|Any CPU.ActiveCfg = Debug|Any CPU
		{F845D892-0737-4D3F-899D-7088B5FE1765}.Debug|Any CPU.Build.0 = Debug|Any CPU
		{F845D892-0737-4D3F-899D-7088B5FE1765}.Release|Any CPU.ActiveCfg = Release|Any CPU
		{F845D892-0737-4D3F-899D-7088B5FE1765}.Release|Any CPU.Build.0 = Release|Any CPU
	EndGlobalSection
	GlobalSection(SolutionProperties) = preSolution
		HideSolutionNode = FALSE
	EndGlobalSection
	GlobalSection(ExtensibilityGlobals) = postSolution
		SolutionGuid = {ADA89FC2-FDF3-4DE9-B7BB-474BD8455602}
	EndGlobalSection
EndGlobal
