
Microsoft Visual Studio Solution File, Format Version 12.00
# Visual Studio Version 16
VisualStudioVersion = 16.0.30309.148
MinimumVisualStudioVersion = 10.0.40219.1
Project("{9A19103F-16F7-4668-BE54-9A1E7A4F7556}") = "01. Food Delivery", "01. Food Delivery\01. Food Delivery.csproj", "{2134F3BA-7C26-4273-A126-DC26F2963F3C}"
EndProject
Project("{9A19103F-16F7-4668-BE54-9A1E7A4F7556}") = "02.Safari", "02.Safari\02.Safari.csproj", "{D2A9D2C6-E36A-4EBE-A838-6E3BF0B2C1E5}"
EndProject
Project("{9A19103F-16F7-4668-BE54-9A1E7A4F7556}") = "03. Mobile operator", "03. Mobile operator\03. Mobile operator.csproj", "{08C6A053-4C21-4974-97BC-DBB374C6F0D7}"
EndProject
Project("{9A19103F-16F7-4668-BE54-9A1E7A4F7556}") = "04. Tourist Shop", "04. Tourist Shop\04. Tourist Shop.csproj", "{0FCE3BB3-EEA9-435C-81F3-58E794425CA2}"
EndProject
Project("{FAE04EC0-301F-11D3-BF4B-00C04F79EFBC}") = "06. Vet Parking", "05. Division Without Remainder\06. Vet Parking.csproj", "{DE4360AE-9920-4672-BDF3-0A02D0CF7773}"
EndProject
Global
	GlobalSection(SolutionConfigurationPlatforms) = preSolution
		Debug|Any CPU = Debug|Any CPU
		Release|Any CPU = Release|Any CPU
	EndGlobalSection
	GlobalSection(ProjectConfigurationPlatforms) = postSolution
		{2134F3BA-7C26-4273-A126-DC26F2963F3C}.Debug|Any CPU.ActiveCfg = Debug|Any CPU
		{2134F3BA-7C26-4273-A126-DC26F2963F3C}.Debug|Any CPU.Build.0 = Debug|Any CPU
		{2134F3BA-7C26-4273-A126-DC26F2963F3C}.Release|Any CPU.ActiveCfg = Release|Any CPU
		{2134F3BA-7C26-4273-A126-DC26F2963F3C}.Release|Any CPU.Build.0 = Release|Any CPU
		{D2A9D2C6-E36A-4EBE-A838-6E3BF0B2C1E5}.Debug|Any CPU.ActiveCfg = Debug|Any CPU
		{D2A9D2C6-E36A-4EBE-A838-6E3BF0B2C1E5}.Debug|Any CPU.Build.0 = Debug|Any CPU
		{D2A9D2C6-E36A-4EBE-A838-6E3BF0B2C1E5}.Release|Any CPU.ActiveCfg = Release|Any CPU
		{D2A9D2C6-E36A-4EBE-A838-6E3BF0B2C1E5}.Release|Any CPU.Build.0 = Release|Any CPU
		{08C6A053-4C21-4974-97BC-DBB374C6F0D7}.Debug|Any CPU.ActiveCfg = Debug|Any CPU
		{08C6A053-4C21-4974-97BC-DBB374C6F0D7}.Debug|Any CPU.Build.0 = Debug|Any CPU
		{08C6A053-4C21-4974-97BC-DBB374C6F0D7}.Release|Any CPU.ActiveCfg = Release|Any CPU
		{08C6A053-4C21-4974-97BC-DBB374C6F0D7}.Release|Any CPU.Build.0 = Release|Any CPU
		{0FCE3BB3-EEA9-435C-81F3-58E794425CA2}.Debug|Any CPU.ActiveCfg = Debug|Any CPU
		{0FCE3BB3-EEA9-435C-81F3-58E794425CA2}.Debug|Any CPU.Build.0 = Debug|Any CPU
		{0FCE3BB3-EEA9-435C-81F3-58E794425CA2}.Release|Any CPU.ActiveCfg = Release|Any CPU
		{0FCE3BB3-EEA9-435C-81F3-58E794425CA2}.Release|Any CPU.Build.0 = Release|Any CPU
		{DE4360AE-9920-4672-BDF3-0A02D0CF7773}.Debug|Any CPU.ActiveCfg = Debug|Any CPU
		{DE4360AE-9920-4672-BDF3-0A02D0CF7773}.Debug|Any CPU.Build.0 = Debug|Any CPU
		{DE4360AE-9920-4672-BDF3-0A02D0CF7773}.Release|Any CPU.ActiveCfg = Release|Any CPU
		{DE4360AE-9920-4672-BDF3-0A02D0CF7773}.Release|Any CPU.Build.0 = Release|Any CPU
	EndGlobalSection
	GlobalSection(SolutionProperties) = preSolution
		HideSolutionNode = FALSE
	EndGlobalSection
	GlobalSection(ExtensibilityGlobals) = postSolution
		SolutionGuid = {4FFCBBD6-6BB9-492F-A94F-50A63D1A8730}
	EndGlobalSection
EndGlobal
