
Microsoft Visual Studio Solution File, Format Version 12.00
# Visual Studio Version 16
VisualStudioVersion = 16.0.30309.148
MinimumVisualStudioVersion = 10.0.40219.1
Project("{FAE04EC0-301F-11D3-BF4B-00C04F79EFBC}") = "01. Password Reset", "01. Password Reset\01. Password Reset.csproj", "{A39610C4-04F9-483D-8791-7C08C850EB5D}"
EndProject
Project("{FAE04EC0-301F-11D3-BF4B-00C04F79EFBC}") = "2. Fancy Barcodes", "2. Fancy Barcodes\2. Fancy Barcodes.csproj", "{2129DF15-2D06-4515-8E76-ED1F9F8CBD2B}"
EndProject
Project("{FAE04EC0-301F-11D3-BF4B-00C04F79EFBC}") = "3. Heroes of Code and Logic VII", "3. Heroes of Code and Logic VII\3. Heroes of Code and Logic VII.csproj", "{E2431FDE-F242-41B6-83F0-E84086F89932}"
EndProject
Global
	GlobalSection(SolutionConfigurationPlatforms) = preSolution
		Debug|Any CPU = Debug|Any CPU
		Release|Any CPU = Release|Any CPU
	EndGlobalSection
	GlobalSection(ProjectConfigurationPlatforms) = postSolution
		{A39610C4-04F9-483D-8791-7C08C850EB5D}.Debug|Any CPU.ActiveCfg = Debug|Any CPU
		{A39610C4-04F9-483D-8791-7C08C850EB5D}.Debug|Any CPU.Build.0 = Debug|Any CPU
		{A39610C4-04F9-483D-8791-7C08C850EB5D}.Release|Any CPU.ActiveCfg = Release|Any CPU
		{A39610C4-04F9-483D-8791-7C08C850EB5D}.Release|Any CPU.Build.0 = Release|Any CPU
		{2129DF15-2D06-4515-8E76-ED1F9F8CBD2B}.Debug|Any CPU.ActiveCfg = Debug|Any CPU
		{2129DF15-2D06-4515-8E76-ED1F9F8CBD2B}.Debug|Any CPU.Build.0 = Debug|Any CPU
		{2129DF15-2D06-4515-8E76-ED1F9F8CBD2B}.Release|Any CPU.ActiveCfg = Release|Any CPU
		{2129DF15-2D06-4515-8E76-ED1F9F8CBD2B}.Release|Any CPU.Build.0 = Release|Any CPU
		{E2431FDE-F242-41B6-83F0-E84086F89932}.Debug|Any CPU.ActiveCfg = Debug|Any CPU
		{E2431FDE-F242-41B6-83F0-E84086F89932}.Debug|Any CPU.Build.0 = Debug|Any CPU
		{E2431FDE-F242-41B6-83F0-E84086F89932}.Release|Any CPU.ActiveCfg = Release|Any CPU
		{E2431FDE-F242-41B6-83F0-E84086F89932}.Release|Any CPU.Build.0 = Release|Any CPU
	EndGlobalSection
	GlobalSection(SolutionProperties) = preSolution
		HideSolutionNode = FALSE
	EndGlobalSection
	GlobalSection(ExtensibilityGlobals) = postSolution
		SolutionGuid = {86EC997D-52BE-4FFC-821B-E50B0EC654A0}
	EndGlobalSection
EndGlobal
